
Microsoft Visual Studio Solution File, Format Version 12.00
# Visual Studio Version 16
VisualStudioVersion = 16.0.31624.102
MinimumVisualStudioVersion = 10.0.40219.1
Project("{9A19103F-16F7-4668-BE54-9A1E7A4F7556}") = "ToDoListWForms", "ToDoListWForms\ToDoListWForms.csproj", "{F7BF4CA3-D2EE-4F07-B7C8-E9C654E18976}"
EndProject
Project("{9A19103F-16F7-4668-BE54-9A1E7A4F7556}") = "ToDoList.BL", "ToDoList.BL\ToDoList.BL.csproj", "{7C689135-5E70-478E-BECB-08E3FEC55486}"
EndProject
Project("{9A19103F-16F7-4668-BE54-9A1E7A4F7556}") = "ToDoListPresenter", "ToDoListPresenter\ToDoListPresenter.csproj", "{4FFA5278-C2C8-477D-A2C7-33288696A89E}"
EndProject
Project("{FAE04EC0-301F-11D3-BF4B-00C04F79EFBC}") = "MessageServices", "MessageServices\MessageServices.csproj", "{D7B1E15C-3657-424C-8613-2C71D4119AB9}"
EndProject
Global
	GlobalSection(SolutionConfigurationPlatforms) = preSolution
		Debug|Any CPU = Debug|Any CPU
		Release|Any CPU = Release|Any CPU
	EndGlobalSection
	GlobalSection(ProjectConfigurationPlatforms) = postSolution
		{F7BF4CA3-D2EE-4F07-B7C8-E9C654E18976}.Debug|Any CPU.ActiveCfg = Debug|Any CPU
		{F7BF4CA3-D2EE-4F07-B7C8-E9C654E18976}.Debug|Any CPU.Build.0 = Debug|Any CPU
		{F7BF4CA3-D2EE-4F07-B7C8-E9C654E18976}.Release|Any CPU.ActiveCfg = Release|Any CPU
		{F7BF4CA3-D2EE-4F07-B7C8-E9C654E18976}.Release|Any CPU.Build.0 = Release|Any CPU
		{7C689135-5E70-478E-BECB-08E3FEC55486}.Debug|Any CPU.ActiveCfg = Debug|Any CPU
		{7C689135-5E70-478E-BECB-08E3FEC55486}.Debug|Any CPU.Build.0 = Debug|Any CPU
		{7C689135-5E70-478E-BECB-08E3FEC55486}.Release|Any CPU.ActiveCfg = Release|Any CPU
		{7C689135-5E70-478E-BECB-08E3FEC55486}.Release|Any CPU.Build.0 = Release|Any CPU
		{4FFA5278-C2C8-477D-A2C7-33288696A89E}.Debug|Any CPU.ActiveCfg = Debug|Any CPU
		{4FFA5278-C2C8-477D-A2C7-33288696A89E}.Debug|Any CPU.Build.0 = Debug|Any CPU
		{4FFA5278-C2C8-477D-A2C7-33288696A89E}.Release|Any CPU.ActiveCfg = Release|Any CPU
		{4FFA5278-C2C8-477D-A2C7-33288696A89E}.Release|Any CPU.Build.0 = Release|Any CPU
		{D7B1E15C-3657-424C-8613-2C71D4119AB9}.Debug|Any CPU.ActiveCfg = Debug|Any CPU
		{D7B1E15C-3657-424C-8613-2C71D4119AB9}.Debug|Any CPU.Build.0 = Debug|Any CPU
		{D7B1E15C-3657-424C-8613-2C71D4119AB9}.Release|Any CPU.ActiveCfg = Release|Any CPU
		{D7B1E15C-3657-424C-8613-2C71D4119AB9}.Release|Any CPU.Build.0 = Release|Any CPU
	EndGlobalSection
	GlobalSection(SolutionProperties) = preSolution
		HideSolutionNode = FALSE
	EndGlobalSection
	GlobalSection(ExtensibilityGlobals) = postSolution
		SolutionGuid = {BFEFA5BD-6590-4DCC-9080-AD8832F577B0}
	EndGlobalSection
EndGlobal
